{"1.2.0",
[{<<"base64url">>,{pkg,<<"base64url">>,<<"1.0.1">>},0},
 {<<"cowlib">>,{pkg,<<"cowlib">>,<<"2.12.0">>},1},
 {<<"gun">>,{pkg,<<"gun">>,<<"2.0.0">>},0},
 {<<"jsx">>,{pkg,<<"jsx">>,<<"3.0.0">>},0}]}.
[
{pkg_hash,[
 {<<"base64url">>, <<"F8C7F2DA04CA9A5D0F5F50258F055E1D699F0E8BF4CFDB30B750865368403CF6">>},
 {<<"cowlib">>, <<"58B73B75BEE32295A3E2CB37CD73D7B41E8B0C9C9A235869E6BFCCE3FC1A63AA">>},
 {<<"gun">>, <<"2326BC0FD6D9CF628419708270D6FE8B02B8D002CF992E4165A77D997B1DEFD0">>},
 {<<"jsx">>, <<"20A170ABD4335FC6DB24D5FAD1E5D677C55DADF83D1B20A8A33B5FE159892A39">>}]},
{pkg_hash_ext,[
 {<<"base64url">>, <<"F9B3ADD4731A02A9B0410398B475B33E7566A695365237A6BDEE1BB447719F5C">>},
 {<<"cowlib">>, <<"FA8A335B7C61263317C6214676CFB8C448AE9C36BAD3D98DF9CB166265940FD1">>},
 {<<"gun">>, <<"6613CB7C62930DC8D58263C44DDA72F8556346BA88358FC929DCBC5F76D04569">>},
 {<<"jsx">>, <<"37BECA0435F5CA8A2F45F76A46211E76418FBEF80C36F0361C249FC75059DC6D">>}]}
].
